<?xml version="1.0" encoding="utf-8"?>
<Project ToolsVersion="4.0" xmlns="http://schemas.microsoft.com/developer/msbuild/2003">
  <ItemGroup>
    <Filter Include="Source Files">
      <UniqueIdentifier>{4FC737F1-C7A5-4376-A066-2A32D752A2FF}</UniqueIdentifier>
      <Extensions>cpp;c;cc;cxx;def;odl;idl;hpj;bat;asm;asmx</Extensions>
    </Filter>
    <Filter Include="Header Files">
      <UniqueIdentifier>{93995380-89BD-4b04-88EB-625FBE52EBFB}</UniqueIdentifier>
      <Extensions>h;hh;hpp;hxx;hm;inl;inc;xsd</Extensions>
    </Filter>
    <Filter Include="Resource Files">
      <UniqueIdentifier>{D9D6E242-F8AF-46E4-B9FD-80ECBC20BA3E}</UniqueIdentifier>
      <Extensions>qrc;*</Extensions>
      <ParseFiles>false</ParseFiles>
    </Filter>
    <Filter Include="Form Files">
      <UniqueIdentifier>{99349809-55BA-4b9d-BF79-8FDBB0286EB3}</UniqueIdentifier>
      <Extensions>ui</Extensions>
    </Filter>
    <Filter Include="Resource Files">
      <UniqueIdentifier>{D9D6E242-F8AF-46E4-B9FD-80ECBC20BA3E}</UniqueIdentifier>
      <Extensions>qrc;*</Extensions>
      <ParseFiles>false</ParseFiles>
    </Filter>
  </ItemGroup>
  <ItemGroup>
    <ClCompile Include="source\AppLogic\Util\Timer.cpp">
      <Filter>Source Files</Filter>
    </ClCompile>
    <ClCompile Include="source\GUI\MainWindow.cpp">
      <Filter>Source Files</Filter>
    </ClCompile>
    <ClCompile Include="main.cpp">
      <Filter>Source Files</Filter>
    </ClCompile>
    <ClCompile Include="source\AppLogic\VLExtension\Actors\TextureViewActor.cpp">
      <Filter>Source Files</Filter>
    </ClCompile>
    <ClCompile Include="source\AppLogic\VLExtension\Shader.cpp">
      <Filter>Source Files</Filter>
    </ClCompile>
    <ClCompile Include="source\AppLogic\VLExtension\Actor.cpp">
      <Filter>Source Files</Filter>
    </ClCompile>
    <ClCompile Include="source\AppLogic\VLExtension\FBORender.cpp">
      <Filter>Source Files</Filter>
    </ClCompile>
    <ClCompile Include="source\AppLogic\VLExtension\Pipeline.cpp">
      <Filter>Source Files</Filter>
    </ClCompile>
    <ClCompile Include="source\AppLogic\VLExtension\Effect.cpp">
      <Filter>Source Files</Filter>
    </ClCompile>
    <ClCompile Include="source\AppLogic\VLExtension\EffectPipeline.cpp">
      <Filter>Source Files</Filter>
    </ClCompile>
    <ClCompile Include="source\AppLogic\VLExtension\Effects\BrightnessContrastEffect.cpp">
      <Filter>Source Files</Filter>
    </ClCompile>
    <ClCompile Include="source\AppLogic\VLExtension\Actors\TextureRatioViewActor.cpp">
      <Filter>Source Files</Filter>
    </ClCompile>
    <ClCompile Include="source\AppLogic\AppModes\AppMode.cpp">
      <Filter>Source Files</Filter>
    </ClCompile>
    <ClCompile Include="source\AppLogic\VLExtension\ViewWindow.cpp">
      <Filter>Source Files</Filter>
    </ClCompile>
    <ClCompile Include="source\GUI\ImageProcessingModeWidget.cpp">
      <Filter>Source Files</Filter>
    </ClCompile>
    <ClCompile Include="source\AppLogic\AppModes\ImageProcessingMode.cpp">
      <Filter>Source Files</Filter>
    </ClCompile>
    <ClCompile Include="source\AppLogic\Effects\IEffect.cpp">
      <Filter>Source Files</Filter>
    </ClCompile>
    <ClCompile Include="source\AppLogic\Effects\WidgetData\EffectWidget.cpp">
      <Filter>Source Files</Filter>
    </ClCompile>
    <ClCompile Include="source\AppLogic\Effects\WidgetData\EffectParamWidget.cpp">
      <Filter>Source Files</Filter>
    </ClCompile>
    <ClCompile Include="source\AppLogic\Util\ColorUtils.cpp">
      <Filter>Source Files</Filter>
    </ClCompile>
    <ClCompile Include="source\AppLogic\ImageProcessing\BrightnessContrastImageEffect.cpp">
      <Filter>Source Files</Filter>
    </ClCompile>
    <ClCompile Include="source\AppLogic\ImageProcessing\ImageEffect.cpp">
      <Filter>Source Files</Filter>
    </ClCompile>
    <ClCompile Include="source\AppLogic\VLExtension\Util\TextureReader.cpp">
      <Filter>Source Files</Filter>
    </ClCompile>
  </ItemGroup>
  <ItemGroup>
    <ClInclude Include="source\AppLogic\Util\Timer.h">
      <Filter>Header Files</Filter>
    </ClInclude>
    <ClInclude Include="source\AppLogic\VLExtension\Actors\TextureViewActor.h">
      <Filter>Header Files</Filter>
    </ClInclude>
    <ClInclude Include="source\AppLogic\VLExtension\Shader.h">
      <Filter>Header Files</Filter>
    </ClInclude>
    <ClInclude Include="source\AppLogic\VLExtension\Pipeline.h">
      <Filter>Header Files</Filter>
    </ClInclude>
    <ClInclude Include="source\AppLogic\VLExtension\FBORender.h">
      <Filter>Header Files</Filter>
    </ClInclude>
    <ClInclude Include="source\AppLogic\VLExtension\Effect.h">
      <Filter>Header Files</Filter>
    </ClInclude>
    <ClInclude Include="source\AppLogic\VLExtension\Actor.h">
      <Filter>Header Files</Filter>
    </ClInclude>
    <ClInclude Include="source\AppLogic\VLExtension\EffectPipeline.h">
      <Filter>Header Files</Filter>
    </ClInclude>
    <ClInclude Include="source\AppLogic\VLExtension\Effects\BrightnessContrastEffect.h">
      <Filter>Header Files</Filter>
    </ClInclude>
    <ClInclude Include="source\AppLogic\VLExtension\Actors\TextureRatioViewActor.h">
      <Filter>Header Files</Filter>
    </ClInclude>
    <ClInclude Include="source\AppLogic\AppModes\AppMode.h">
      <Filter>Header Files</Filter>
    </ClInclude>
    <ClInclude Include="source\AppLogic\VLExtension\ViewWindow.h">
      <Filter>Header Files</Filter>
    </ClInclude>
    <ClInclude Include="source\AppLogic\AppModes\ImageProcessingMode.h">
      <Filter>Header Files</Filter>
    </ClInclude>
    <ClInclude Include="source\AppLogic\Effects\IEffect.h">
      <Filter>Header Files</Filter>
    </ClInclude>
    <ClInclude Include="source\AppLogic\Util\ColorUtils.h">
      <Filter>Header Files</Filter>
    </ClInclude>
    <ClInclude Include="source\AppLogic\ImageProcessing\BrightnessContrastImageEffect.h">
      <Filter>Header Files</Filter>
    </ClInclude>
    <ClInclude Include="source\AppLogic\ImageProcessing\ImageEffect.h">
      <Filter>Header Files</Filter>
    </ClInclude>
    <ClInclude Include="source\AppLogic\VLExtension\Util\TextureReader.h">
      <Filter>Header Files</Filter>
    </ClInclude>
  </ItemGroup>
  <ItemGroup>
    <QtMoc Include="source\GUI\MainWindow.h">
      <Filter>Header Files</Filter>
    </QtMoc>
    <QtMoc Include="source\GUI\ImageProcessingModeWidget.h">
      <Filter>Header Files</Filter>
    </QtMoc>
    <QtMoc Include="source\AppLogic\Effects\WidgetData\EffectWidget.h">
      <Filter>Header Files</Filter>
    </QtMoc>
    <QtMoc Include="source\AppLogic\Effects\WidgetData\EffectParamWidget.h">
      <Filter>Header Files</Filter>
    </QtMoc>
  </ItemGroup>
</Project>